{
    "name": "my_workspace",
    "version": "0.1.0",
    "lockfileVersion": 1,
    "requires": true,
    "dependencies": {
        "@bazel/bazelisk": {
            "version": "1.7.5",
            "resolved": "http://bnpm.byted.org/@bazel/bazelisk/-/@bazel/bazelisk-1.7.5.tgz",
            "integrity": "sha1-3RpS49I0ZPct5Vqj3Ed3hH+oU3M=",
            "dev": true
        },
        "@bazel/buildifier": {
            "version": "4.0.1",
            "resolved": "http://bnpm.byted.org/@bazel/buildifier/-/@bazel/buildifier-4.0.1.tgz",
            "integrity": "sha1-Us+61cu4bpGDop3eI3DNRlcw6g0=",
            "dev": true
        },
        "@bazel/ibazel": {
            "version": "0.15.6",
            "resolved": "http://bnpm.byted.org/@bazel/ibazel/-/@bazel/ibazel-0.15.6.tgz",
            "integrity": "sha1-j0NZy/TFeWOnZINGqFQVkfBJzvA=",
            "dev": true
        },
        "@bazel/typescript": {
            "version": "3.2.3",
            "resolved": "http://bnpm.byted.org/@bazel/typescript/-/@bazel/typescript-3.2.3.tgz",
            "integrity": "sha1-bkC9t8UpTliLrDt9Emnli5ihhWw=",
            "dev": true,
            "requires": {
                "protobufjs": "6.8.8",
                "semver": "5.6.0",
                "source-map-support": "0.5.9",
                "tsutils": "2.27.2"
            }
        },
        "@protobufjs/aspromise": {
            "version": "1.1.2",
            "resolved": "http://bnpm.byted.org/@protobufjs/aspromise/-/@protobufjs/aspromise-1.1.2.tgz",
            "integrity": "sha1-m4sMxmPWaafY9vXQiToU00jzD78=",
            "dev": true
        },
        "@protobufjs/base64": {
            "version": "1.1.2",
            "resolved": "http://bnpm.byted.org/@protobufjs/base64/-/@protobufjs/base64-1.1.2.tgz",
            "integrity": "sha1-TIVzDlm5ofHzSQR9vyQpYDS7JzU=",
            "dev": true
        },
        "@protobufjs/codegen": {
            "version": "2.0.4",
            "resolved": "http://bnpm.byted.org/@protobufjs/codegen/-/@protobufjs/codegen-2.0.4.tgz",
            "integrity": "sha1-fvN/DQEPsCitGtWXIuUG2SYoFcs=",
            "dev": true
        },
        "@protobufjs/eventemitter": {
            "version": "1.1.0",
            "resolved": "http://bnpm.byted.org/@protobufjs/eventemitter/-/@protobufjs/eventemitter-1.1.0.tgz",
            "integrity": "sha1-NVy8mLr61ZePntCV85diHx0Ga3A=",
            "dev": true
        },
        "@protobufjs/fetch": {
            "version": "1.1.0",
            "resolved": "http://bnpm.byted.org/@protobufjs/fetch/-/@protobufjs/fetch-1.1.0.tgz",
            "integrity": "sha1-upn7WYYUr2VwDBYZ/wbUVLDYTEU=",
            "dev": true,
            "requires": {
                "@protobufjs/aspromise": "^1.1.1",
                "@protobufjs/inquire": "^1.1.0"
            }
        },
        "@protobufjs/float": {
            "version": "1.0.2",
            "resolved": "http://bnpm.byted.org/@protobufjs/float/-/@protobufjs/float-1.0.2.tgz",
            "integrity": "sha1-Xp4avctz/Ap8uLKR33jIy9l7h9E=",
            "dev": true
        },
        "@protobufjs/inquire": {
            "version": "1.1.0",
            "resolved": "http://bnpm.byted.org/@protobufjs/inquire/-/@protobufjs/inquire-1.1.0.tgz",
            "integrity": "sha1-/yAOPnzyQp4tyvwRQIKOjMY48Ik=",
            "dev": true
        },
        "@protobufjs/path": {
            "version": "1.1.2",
            "resolved": "http://bnpm.byted.org/@protobufjs/path/-/@protobufjs/path-1.1.2.tgz",
            "integrity": "sha1-bMKyDFya1q0NzP0hynZz2Nf79o0=",
            "dev": true
        },
        "@protobufjs/pool": {
            "version": "1.1.0",
            "resolved": "http://bnpm.byted.org/@protobufjs/pool/-/@protobufjs/pool-1.1.0.tgz",
            "integrity": "sha1-Cf0V8tbTq/qbZbw2ZQbWrXhG/1Q=",
            "dev": true
        },
        "@protobufjs/utf8": {
            "version": "1.1.0",
            "resolved": "http://bnpm.byted.org/@protobufjs/utf8/-/@protobufjs/utf8-1.1.0.tgz",
            "integrity": "sha1-p3c2C1s5oaLlEG+OhY8v0tBgxXA=",
            "dev": true
        },
        "@types/long": {
            "version": "4.0.1",
            "resolved": "http://bnpm.byted.org/@types/long/-/@types/long-4.0.1.tgz",
            "integrity": "sha1-RZxl+hhn2v5qjzIsTFFpVmPMVek=",
            "dev": true
        },
        "@types/node": {
            "version": "10.17.56",
            "resolved": "http://bnpm.byted.org/@types/node/-/@types/node-10.17.56.tgz",
            "integrity": "sha1-AQyeBHw/8J3c0Ry7bPWRJyXNwrM=",
            "dev": true
        },
        "buffer-from": {
            "version": "1.1.1",
            "resolved": "http://bnpm.byted.org/buffer-from/-/buffer-from-1.1.1.tgz",
            "integrity": "sha1-MnE7wCj3XAL9txDXx7zsHyxgcO8=",
            "dev": true
        },
        "long": {
            "version": "4.0.0",
            "resolved": "http://bnpm.byted.org/long/-/long-4.0.0.tgz",
            "integrity": "sha1-mntxz7fTYaGU6lVSQckvdGjVvyg=",
            "dev": true
        },
        "protobufjs": {
            "version": "6.8.8",
            "resolved": "http://bnpm.byted.org/protobufjs/-/protobufjs-6.8.8.tgz",
            "integrity": "sha1-yLTxKC/XqQ5vWxCe0RyEr4KQjnw=",
            "dev": true,
            "requires": {
                "@protobufjs/aspromise": "^1.1.2",
                "@protobufjs/base64": "^1.1.2",
                "@protobufjs/codegen": "^2.0.4",
                "@protobufjs/eventemitter": "^1.1.0",
                "@protobufjs/fetch": "^1.1.0",
                "@protobufjs/float": "^1.0.2",
                "@protobufjs/inquire": "^1.1.0",
                "@protobufjs/path": "^1.1.2",
                "@protobufjs/pool": "^1.1.0",
                "@protobufjs/utf8": "^1.1.0",
                "@types/long": "^4.0.0",
                "@types/node": "^10.1.0",
                "long": "^4.0.0"
            }
        },
        "semver": {
            "version": "5.6.0",
            "resolved": "http://bnpm.byted.org/semver/-/semver-5.6.0.tgz",
            "integrity": "sha1-fnQlb7qknHWqfHogXMInmcrIAAQ=",
            "dev": true
        },
        "source-map": {
            "version": "0.6.1",
            "resolved": "http://bnpm.byted.org/source-map/-/source-map-0.6.1.tgz",
            "integrity": "sha1-dHIq8y6WFOnCh6jQu95IteLxomM=",
            "dev": true
        },
        "source-map-support": {
            "version": "0.5.9",
            "resolved": "http://bnpm.byted.org/source-map-support/-/source-map-support-0.5.9.tgz",
            "integrity": "sha1-QbyVOyU0Jn6i1gW8z6e/oxEc7V8=",
            "dev": true,
            "requires": {
                "buffer-from": "^1.0.0",
                "source-map": "^0.6.0"
            }
        },
        "tslib": {
            "version": "1.14.1",
            "resolved": "http://bnpm.byted.org/tslib/-/tslib-1.14.1.tgz",
            "integrity": "sha1-zy04vcNKE0vK8QkcQfZhni9nLQA=",
            "dev": true
        },
        "tsutils": {
            "version": "2.27.2",
            "resolved": "http://bnpm.byted.org/tsutils/-/tsutils-2.27.2.tgz",
            "integrity": "sha1-YLqIoj1veF7EuJxugXnKybQx8cc=",
            "dev": true,
            "requires": {
                "tslib": "^1.8.1"
            }
        },
        "typescript": {
            "version": "4.2.3",
            "resolved": "http://bnpm.byted.org/typescript/-/typescript-4.2.3.tgz",
            "integrity": "sha1-OQYtgBmRLUNyYpjwlJPVmASMHOM=",
            "dev": true
        }
    }
}
